{
  "name": "pgr6301-exam-johannesn99",
  "version": "1.0.0",
  "lockfileVersion": 2,
  "requires": true,
  "packages": {
    "": {
      "name": "pgr6301-exam-johannesn99",
      "version": "1.0.0",
      "hasInstallScript": true,
      "license": "ISC",
      "engines": {
        "node": ">=16.13.2",
        "npm": ">=8.4.1"
      }
    }
  }
}
